// !$*UTF8*$!
{
	archiveVersion = 1;
	classes = {
	};
	objectVersion = 55;
	objects = {

/* Begin PBXBuildFile section */
		574F5B428F39A29C837D6637 /* Pods_SandID.framework in Frameworks */ = {isa = PBXBuildFile; fileRef = C560F70F8CCC89BFCCD12D01 /* Pods_SandID.framework */; };
		9D12B3A52797D2C3007BF1BC /* AppDelegate.swift in Sources */ = {isa = PBXBuildFile; fileRef = 9D12B3A42797D2C3007BF1BC /* AppDelegate.swift */; };
		9D12B3A72797D2C3007BF1BC /* SceneDelegate.swift in Sources */ = {isa = PBXBuildFile; fileRef = 9D12B3A62797D2C3007BF1BC /* SceneDelegate.swift */; };
		9D12B3A92797D2C3007BF1BC /* ViewController.swift in Sources */ = {isa = PBXBuildFile; fileRef = 9D12B3A82797D2C3007BF1BC /* ViewController.swift */; };
		9D12B3AC2797D2C3007BF1BC /* Main.storyboard in Resources */ = {isa = PBXBuildFile; fileRef = 9D12B3AA2797D2C3007BF1BC /* Main.storyboard */; };
		9D12B3AF2797D2C3007BF1BC /* SandID.xcdatamodeld in Sources */ = {isa = PBXBuildFile; fileRef = 9D12B3AD2797D2C3007BF1BC /* SandID.xcdatamodeld */; };
		9D12B3B12797D2C8007BF1BC /* Assets.xcassets in Resources */ = {isa = PBXBuildFile; fileRef = 9D12B3B02797D2C8007BF1BC /* Assets.xcassets */; };
		9D12B3B42797D2C8007BF1BC /* LaunchScreen.storyboard in Resources */ = {isa = PBXBuildFile; fileRef = 9D12B3B22797D2C8007BF1BC /* LaunchScreen.storyboard */; };
		9D1F3B0527A0BB6400087C35 /* CameraViewController.swift in Sources */ = {isa = PBXBuildFile; fileRef = 9D1F3B0427A0BB6400087C35 /* CameraViewController.swift */; };
		9D1F3B0727B4CD8200087C35 /* PhotoSubmitViewController.swift in Sources */ = {isa = PBXBuildFile; fileRef = 9D1F3B0627B4CD8200087C35 /* PhotoSubmitViewController.swift */; };
		9D42C03E28063BF100504141 /* GoogleService-Info.plist in Resources */ = {isa = PBXBuildFile; fileRef = 9D42C03D28063BF000504141 /* GoogleService-Info.plist */; };
		9D42C04128063EC800504141 /* FirebaseAnalytics in Frameworks */ = {isa = PBXBuildFile; productRef = 9D42C04028063EC800504141 /* FirebaseAnalytics */; };
		9D42C04328063EC800504141 /* FirebaseAppDistribution-Beta in Frameworks */ = {isa = PBXBuildFile; productRef = 9D42C04228063EC800504141 /* FirebaseAppDistribution-Beta */; };
		9D42C04528063EC800504141 /* FirebaseDatabase in Frameworks */ = {isa = PBXBuildFile; productRef = 9D42C04428063EC800504141 /* FirebaseDatabase */; };
		9D42C04728063EC800504141 /* FirebaseFunctions in Frameworks */ = {isa = PBXBuildFile; productRef = 9D42C04628063EC800504141 /* FirebaseFunctions */; };
		9D42C04928063EC800504141 /* FirebaseFunctionsCombine-Community in Frameworks */ = {isa = PBXBuildFile; productRef = 9D42C04828063EC800504141 /* FirebaseFunctionsCombine-Community */; };
		9D42C04B28063EC800504141 /* FirebaseFunctionsSwift-Beta in Frameworks */ = {isa = PBXBuildFile; productRef = 9D42C04A28063EC800504141 /* FirebaseFunctionsSwift-Beta */; };
		9D42C04D28063EC800504141 /* FirebaseStorage in Frameworks */ = {isa = PBXBuildFile; productRef = 9D42C04C28063EC800504141 /* FirebaseStorage */; };
		9D42C04F28063EC800504141 /* FirebaseStorageCombine-Community in Frameworks */ = {isa = PBXBuildFile; productRef = 9D42C04E28063EC800504141 /* FirebaseStorageCombine-Community */; };
		9D42C05128063EC800504141 /* FirebaseStorageSwift-Beta in Frameworks */ = {isa = PBXBuildFile; productRef = 9D42C05028063EC800504141 /* FirebaseStorageSwift-Beta */; };
		9D9DC30527C73704000B566B /* .gitignore in Resources */ = {isa = PBXBuildFile; fileRef = 9D9DC30427C73704000B566B /* .gitignore */; };
		9D9DC30727D9B075000B566B /* PopUpWindow.swift in Sources */ = {isa = PBXBuildFile; fileRef = 9D9DC30627D9B075000B566B /* PopUpWindow.swift */; };
/* End PBXBuildFile section */

/* Begin PBXFileReference section */
		9D12B3A12797D2C3007BF1BC /* SandID.app */ = {isa = PBXFileReference; explicitFileType = wrapper.application; includeInIndex = 0; path = SandID.app; sourceTree = BUILT_PRODUCTS_DIR; };
		9D12B3A42797D2C3007BF1BC /* AppDelegate.swift */ = {isa = PBXFileReference; lastKnownFileType = sourcecode.swift; path = AppDelegate.swift; sourceTree = "<group>"; };
		9D12B3A62797D2C3007BF1BC /* SceneDelegate.swift */ = {isa = PBXFileReference; lastKnownFileType = sourcecode.swift; path = SceneDelegate.swift; sourceTree = "<group>"; };
		9D12B3A82797D2C3007BF1BC /* ViewController.swift */ = {isa = PBXFileReference; lastKnownFileType = sourcecode.swift; path = ViewController.swift; sourceTree = "<group>"; };
		9D12B3AB2797D2C3007BF1BC /* Base */ = {isa = PBXFileReference; lastKnownFileType = file.storyboard; name = Base; path = Base.lproj/Main.storyboard; sourceTree = "<group>"; };
		9D12B3AE2797D2C3007BF1BC /* SandID.xcdatamodel */ = {isa = PBXFileReference; lastKnownFileType = wrapper.xcdatamodel; path = SandID.xcdatamodel; sourceTree = "<group>"; };
		9D12B3B02797D2C8007BF1BC /* Assets.xcassets */ = {isa = PBXFileReference; lastKnownFileType = folder.assetcatalog; path = Assets.xcassets; sourceTree = "<group>"; };
		9D12B3B32797D2C8007BF1BC /* Base */ = {isa = PBXFileReference; lastKnownFileType = file.storyboard; name = Base; path = Base.lproj/LaunchScreen.storyboard; sourceTree = "<group>"; };
		9D12B3B52797D2C8007BF1BC /* Info.plist */ = {isa = PBXFileReference; lastKnownFileType = text.plist.xml; path = Info.plist; sourceTree = "<group>"; };
		9D1F3B0427A0BB6400087C35 /* CameraViewController.swift */ = {isa = PBXFileReference; lastKnownFileType = sourcecode.swift; path = CameraViewController.swift; sourceTree = "<group>"; };
		9D1F3B0627B4CD8200087C35 /* PhotoSubmitViewController.swift */ = {isa = PBXFileReference; lastKnownFileType = sourcecode.swift; path = PhotoSubmitViewController.swift; sourceTree = "<group>"; };
		9D42C03D28063BF000504141 /* GoogleService-Info.plist */ = {isa = PBXFileReference; fileEncoding = 4; lastKnownFileType = text.plist.xml; path = "GoogleService-Info.plist"; sourceTree = "<group>"; };
		9D9DC30427C73704000B566B /* .gitignore */ = {isa = PBXFileReference; fileEncoding = 4; lastKnownFileType = text; path = .gitignore; sourceTree = SOURCE_ROOT; };
		9D9DC30627D9B075000B566B /* PopUpWindow.swift */ = {isa = PBXFileReference; lastKnownFileType = sourcecode.swift; path = PopUpWindow.swift; sourceTree = "<group>"; };
		C560F70F8CCC89BFCCD12D01 /* Pods_SandID.framework */ = {isa = PBXFileReference; explicitFileType = wrapper.framework; includeInIndex = 0; path = Pods_SandID.framework; sourceTree = BUILT_PRODUCTS_DIR; };
		D3FF5352A958033D32A93916 /* Pods-SandID.release.xcconfig */ = {isa = PBXFileReference; includeInIndex = 1; lastKnownFileType = text.xcconfig; name = "Pods-SandID.release.xcconfig"; path = "Target Support Files/Pods-SandID/Pods-SandID.release.xcconfig"; sourceTree = "<group>"; };
		E6C2F2196088D57F87E1FBBD /* Pods-SandID.debug.xcconfig */ = {isa = PBXFileReference; includeInIndex = 1; lastKnownFileType = text.xcconfig; name = "Pods-SandID.debug.xcconfig"; path = "Target Support Files/Pods-SandID/Pods-SandID.debug.xcconfig"; sourceTree = "<group>"; };
/* End PBXFileReference section */

/* Begin PBXFrameworksBuildPhase section */
		9D12B39E2797D2C2007BF1BC /* Frameworks */ = {
			isa = PBXFrameworksBuildPhase;
			buildActionMask = 2147483647;
			files = (
				9D42C04128063EC800504141 /* FirebaseAnalytics in Frameworks */,
				574F5B428F39A29C837D6637 /* Pods_SandID.framework in Frameworks */,
				9D42C04728063EC800504141 /* FirebaseFunctions in Frameworks */,
				9D42C04528063EC800504141 /* FirebaseDatabase in Frameworks */,
				9D42C04328063EC800504141 /* FirebaseAppDistribution-Beta in Frameworks */,
				9D42C05128063EC800504141 /* FirebaseStorageSwift-Beta in Frameworks */,
				9D42C04D28063EC800504141 /* FirebaseStorage in Frameworks */,
				9D42C04928063EC800504141 /* FirebaseFunctionsCombine-Community in Frameworks */,
				9D42C04F28063EC800504141 /* FirebaseStorageCombine-Community in Frameworks */,
				9D42C04B28063EC800504141 /* FirebaseFunctionsSwift-Beta in Frameworks */,
			);
			runOnlyForDeploymentPostprocessing = 0;
		};
/* End PBXFrameworksBuildPhase section */

/* Begin PBXGroup section */
		9D12B3982797D2C2007BF1BC = {
			isa = PBXGroup;
			children = (
				9D12B3A32797D2C3007BF1BC /* SandID */,
				9D12B3A22797D2C3007BF1BC /* Products */,
				ECB7A4A9799029616DA6AA9C /* Pods */,
				A481B5B8ED981F4EBB560757 /* Frameworks */,
			);
			sourceTree = "<group>";
		};
		9D12B3A22797D2C3007BF1BC /* Products */ = {
			isa = PBXGroup;
			children = (
				9D12B3A12797D2C3007BF1BC /* SandID.app */,
			);
			name = Products;
			sourceTree = "<group>";
		};
		9D12B3A32797D2C3007BF1BC /* SandID */ = {
			isa = PBXGroup;
			children = (
				9D12B3A42797D2C3007BF1BC /* AppDelegate.swift */,
				9D12B3A62797D2C3007BF1BC /* SceneDelegate.swift */,
				9D12B3A82797D2C3007BF1BC /* ViewController.swift */,
				9D1F3B0427A0BB6400087C35 /* CameraViewController.swift */,
				9D9DC30627D9B075000B566B /* PopUpWindow.swift */,
				9D12B3AA2797D2C3007BF1BC /* Main.storyboard */,
				9D1F3B0627B4CD8200087C35 /* PhotoSubmitViewController.swift */,
				9D9DC30427C73704000B566B /* .gitignore */,
				9D12B3B02797D2C8007BF1BC /* Assets.xcassets */,
				9D12B3B22797D2C8007BF1BC /* LaunchScreen.storyboard */,
				9D42C03D28063BF000504141 /* GoogleService-Info.plist */,
				9D12B3B52797D2C8007BF1BC /* Info.plist */,
				9D12B3AD2797D2C3007BF1BC /* SandID.xcdatamodeld */,
			);
			path = SandID;
			sourceTree = "<group>";
		};
		A481B5B8ED981F4EBB560757 /* Frameworks */ = {
			isa = PBXGroup;
			children = (
				C560F70F8CCC89BFCCD12D01 /* Pods_SandID.framework */,
			);
			name = Frameworks;
			sourceTree = "<group>";
		};
		ECB7A4A9799029616DA6AA9C /* Pods */ = {
			isa = PBXGroup;
			children = (
				E6C2F2196088D57F87E1FBBD /* Pods-SandID.debug.xcconfig */,
				D3FF5352A958033D32A93916 /* Pods-SandID.release.xcconfig */,
			);
			path = Pods;
			sourceTree = "<group>";
		};
/* End PBXGroup section */

/* Begin PBXNativeTarget section */
		9D12B3A02797D2C2007BF1BC /* SandID */ = {
			isa = PBXNativeTarget;
			buildConfigurationList = 9D12B3B82797D2C8007BF1BC /* Build configuration list for PBXNativeTarget "SandID" */;
			buildPhases = (
				4FE6AC454AF18AD452BB4358 /* [CP] Check Pods Manifest.lock */,
				9D12B39D2797D2C2007BF1BC /* Sources */,
				9D12B39E2797D2C2007BF1BC /* Frameworks */,
				9D12B39F2797D2C2007BF1BC /* Resources */,
				446DF10AD13D3C5A9E9AC1DC /* [CP] Embed Pods Frameworks */,
			);
			buildRules = (
			);
			dependencies = (
			);
			name = SandID;
			packageProductDependencies = (
				9D42C04028063EC800504141 /* FirebaseAnalytics */,
				9D42C04228063EC800504141 /* FirebaseAppDistribution-Beta */,
				9D42C04428063EC800504141 /* FirebaseDatabase */,
				9D42C04628063EC800504141 /* FirebaseFunctions */,
				9D42C04828063EC800504141 /* FirebaseFunctionsCombine-Community */,
				9D42C04A28063EC800504141 /* FirebaseFunctionsSwift-Beta */,
				9D42C04C28063EC800504141 /* FirebaseStorage */,
				9D42C04E28063EC800504141 /* FirebaseStorageCombine-Community */,
				9D42C05028063EC800504141 /* FirebaseStorageSwift-Beta */,
			);
			productName = SandID;
			productReference = 9D12B3A12797D2C3007BF1BC /* SandID.app */;
			productType = "com.apple.product-type.application";
		};
/* End PBXNativeTarget section */

/* Begin PBXProject section */
		9D12B3992797D2C2007BF1BC /* Project object */ = {
			isa = PBXProject;
			attributes = {
				BuildIndependentTargetsInParallel = 1;
				LastSwiftUpdateCheck = 1320;
				LastUpgradeCheck = 1320;
				TargetAttributes = {
					9D12B3A02797D2C2007BF1BC = {
						CreatedOnToolsVersion = 13.2.1;
					};
				};
			};
			buildConfigurationList = 9D12B39C2797D2C2007BF1BC /* Build configuration list for PBXProject "SandID" */;
			compatibilityVersion = "Xcode 13.0";
			developmentRegion = en;
			hasScannedForEncodings = 0;
			knownRegions = (
				en,
				Base,
			);
			mainGroup = 9D12B3982797D2C2007BF1BC;
			packageReferences = (
				9D42C03F28063EC800504141 /* XCRemoteSwiftPackageReference "firebase-ios-sdk" */,
			);
			productRefGroup = 9D12B3A22797D2C3007BF1BC /* Products */;
			projectDirPath = "";
			projectRoot = "";
			targets = (
				9D12B3A02797D2C2007BF1BC /* SandID */,
			);
		};
/* End PBXProject section */

/* Begin PBXResourcesBuildPhase section */
		9D12B39F2797D2C2007BF1BC /* Resources */ = {
			isa = PBXResourcesBuildPhase;
			buildActionMask = 2147483647;
			files = (
				9D9DC30527C73704000B566B /* .gitignore in Resources */,
				9D12B3B42797D2C8007BF1BC /* LaunchScreen.storyboard in Resources */,
				9D42C03E28063BF100504141 /* GoogleService-Info.plist in Resources */,
				9D12B3B12797D2C8007BF1BC /* Assets.xcassets in Resources */,
				9D12B3AC2797D2C3007BF1BC /* Main.storyboard in Resources */,
			);
			runOnlyForDeploymentPostprocessing = 0;
		};
/* End PBXResourcesBuildPhase section */

/* Begin PBXShellScriptBuildPhase section */
		446DF10AD13D3C5A9E9AC1DC /* [CP] Embed Pods Frameworks */ = {
			isa = PBXShellScriptBuildPhase;
			buildActionMask = 2147483647;
			files = (
			);
			inputFileListPaths = (
				"${PODS_ROOT}/Target Support Files/Pods-SandID/Pods-SandID-frameworks-${CONFIGURATION}-input-files.xcfilelist",
			);
			name = "[CP] Embed Pods Frameworks";
			outputFileListPaths = (
				"${PODS_ROOT}/Target Support Files/Pods-SandID/Pods-SandID-frameworks-${CONFIGURATION}-output-files.xcfilelist",
			);
			runOnlyForDeploymentPostprocessing = 0;
			shellPath = /bin/sh;
			shellScript = "\"${PODS_ROOT}/Target Support Files/Pods-SandID/Pods-SandID-frameworks.sh\"\n";
			showEnvVarsInLog = 0;
		};
		4FE6AC454AF18AD452BB4358 /* [CP] Check Pods Manifest.lock */ = {
			isa = PBXShellScriptBuildPhase;
			buildActionMask = 2147483647;
			files = (
			);
			inputFileListPaths = (
			);
			inputPaths = (
				"${PODS_PODFILE_DIR_PATH}/Podfile.lock",
				"${PODS_ROOT}/Manifest.lock",
			);
			name = "[CP] Check Pods Manifest.lock";
			outputFileListPaths = (
			);
			outputPaths = (
				"$(DERIVED_FILE_DIR)/Pods-SandID-checkManifestLockResult.txt",
			);
			runOnlyForDeploymentPostprocessing = 0;
			shellPath = /bin/sh;
			shellScript = "diff \"${PODS_PODFILE_DIR_PATH}/Podfile.lock\" \"${PODS_ROOT}/Manifest.lock\" > /dev/null\nif [ $? != 0 ] ; then\n    # print error to STDERR\n    echo \"error: The sandbox is not in sync with the Podfile.lock. Run 'pod install' or update your CocoaPods installation.\" >&2\n    exit 1\nfi\n# This output is used by Xcode 'outputs' to avoid re-running this script phase.\necho \"SUCCESS\" > \"${SCRIPT_OUTPUT_FILE_0}\"\n";
			showEnvVarsInLog = 0;
		};
/* End PBXShellScriptBuildPhase section */

/* Begin PBXSourcesBuildPhase section */
		9D12B39D2797D2C2007BF1BC /* Sources */ = {
			isa = PBXSourcesBuildPhase;
			buildActionMask = 2147483647;
			files = (
				9D12B3A92797D2C3007BF1BC /* ViewController.swift in Sources */,
				9D1F3B0727B4CD8200087C35 /* PhotoSubmitViewController.swift in Sources */,
				9D1F3B0527A0BB6400087C35 /* CameraViewController.swift in Sources */,
				9D12B3A52797D2C3007BF1BC /* AppDelegate.swift in Sources */,
				9D12B3AF2797D2C3007BF1BC /* SandID.xcdatamodeld in Sources */,
				9D9DC30727D9B075000B566B /* PopUpWindow.swift in Sources */,
				9D12B3A72797D2C3007BF1BC /* SceneDelegate.swift in Sources */,
			);
			runOnlyForDeploymentPostprocessing = 0;
		};
/* End PBXSourcesBuildPhase section */

/* Begin PBXVariantGroup section */
		9D12B3AA2797D2C3007BF1BC /* Main.storyboard */ = {
			isa = PBXVariantGroup;
			children = (
				9D12B3AB2797D2C3007BF1BC /* Base */,
			);
			name = Main.storyboard;
			sourceTree = "<group>";
		};
		9D12B3B22797D2C8007BF1BC /* LaunchScreen.storyboard */ = {
			isa = PBXVariantGroup;
			children = (
				9D12B3B32797D2C8007BF1BC /* Base */,
			);
			name = LaunchScreen.storyboard;
			sourceTree = "<group>";
		};
/* End PBXVariantGroup section */

/* Begin XCBuildConfiguration section */
		9D12B3B62797D2C8007BF1BC /* Debug */ = {
			isa = XCBuildConfiguration;
			buildSettings = {
				ALWAYS_SEARCH_USER_PATHS = NO;
				CLANG_ANALYZER_NONNULL = YES;
				CLANG_ANALYZER_NUMBER_OBJECT_CONVERSION = YES_AGGRESSIVE;
				CLANG_CXX_LANGUAGE_STANDARD = "gnu++17";
				CLANG_CXX_LIBRARY = "libc++";
				CLANG_ENABLE_MODULES = YES;
				CLANG_ENABLE_OBJC_ARC = YES;
				CLANG_ENABLE_OBJC_WEAK = YES;
				CLANG_WARN_BLOCK_CAPTURE_AUTORELEASING = YES;
				CLANG_WARN_BOOL_CONVERSION = YES;
				CLANG_WARN_COMMA = YES;
				CLANG_WARN_CONSTANT_CONVERSION = YES;
				CLANG_WARN_DEPRECATED_OBJC_IMPLEMENTATIONS = YES;
				CLANG_WARN_DIRECT_OBJC_ISA_USAGE = YES_ERROR;
				CLANG_WARN_DOCUMENTATION_COMMENTS = YES;
				CLANG_WARN_EMPTY_BODY = YES;
				CLANG_WARN_ENUM_CONVERSION = YES;
				CLANG_WARN_INFINITE_RECURSION = YES;
				CLANG_WARN_INT_CONVERSION = YES;
				CLANG_WARN_NON_LITERAL_NULL_CONVERSION = YES;
				CLANG_WARN_OBJC_IMPLICIT_RETAIN_SELF = YES;
				CLANG_WARN_OBJC_LITERAL_CONVERSION = YES;
				CLANG_WARN_OBJC_ROOT_CLASS = YES_ERROR;
				CLANG_WARN_QUOTED_INCLUDE_IN_FRAMEWORK_HEADER = YES;
				CLANG_WARN_RANGE_LOOP_ANALYSIS = YES;
				CLANG_WARN_STRICT_PROTOTYPES = YES;
				CLANG_WARN_SUSPICIOUS_MOVE = YES;
				CLANG_WARN_UNGUARDED_AVAILABILITY = YES_AGGRESSIVE;
				CLANG_WARN_UNREACHABLE_CODE = YES;
				CLANG_WARN__DUPLICATE_METHOD_MATCH = YES;
				COPY_PHASE_STRIP = NO;
				DEBUG_INFORMATION_FORMAT = dwarf;
				ENABLE_STRICT_OBJC_MSGSEND = YES;
				ENABLE_TESTABILITY = YES;
				GCC_C_LANGUAGE_STANDARD = gnu11;
				GCC_DYNAMIC_NO_PIC = NO;
				GCC_NO_COMMON_BLOCKS = YES;
				GCC_OPTIMIZATION_LEVEL = 0;
				GCC_PREPROCESSOR_DEFINITIONS = (
					"DEBUG=1",
					"$(inherited)",
				);
				GCC_WARN_64_TO_32_BIT_CONVERSION = YES;
				GCC_WARN_ABOUT_RETURN_TYPE = YES_ERROR;
				GCC_WARN_UNDECLARED_SELECTOR = YES;
				GCC_WARN_UNINITIALIZED_AUTOS = YES_AGGRESSIVE;
				GCC_WARN_UNUSED_FUNCTION = YES;
				GCC_WARN_UNUSED_VARIABLE = YES;
				IPHONEOS_DEPLOYMENT_TARGET = 15.2;
				MTL_ENABLE_DEBUG_INFO = INCLUDE_SOURCE;
				MTL_FAST_MATH = YES;
				ONLY_ACTIVE_ARCH = YES;
				SDKROOT = iphoneos;
				SWIFT_ACTIVE_COMPILATION_CONDITIONS = DEBUG;
				SWIFT_OPTIMIZATION_LEVEL = "-Onone";
			};
			name = Debug;
		};
		9D12B3B72797D2C8007BF1BC /* Release */ = {
			isa = XCBuildConfiguration;
			buildSettings = {
				ALWAYS_SEARCH_USER_PATHS = NO;
				CLANG_ANALYZER_NONNULL = YES;
				CLANG_ANALYZER_NUMBER_OBJECT_CONVERSION = YES_AGGRESSIVE;
				CLANG_CXX_LANGUAGE_STANDARD = "gnu++17";
				CLANG_CXX_LIBRARY = "libc++";
				CLANG_ENABLE_MODULES = YES;
				CLANG_ENABLE_OBJC_ARC = YES;
				CLANG_ENABLE_OBJC_WEAK = YES;
				CLANG_WARN_BLOCK_CAPTURE_AUTORELEASING = YES;
				CLANG_WARN_BOOL_CONVERSION = YES;
				CLANG_WARN_COMMA = YES;
				CLANG_WARN_CONSTANT_CONVERSION = YES;
				CLANG_WARN_DEPRECATED_OBJC_IMPLEMENTATIONS = YES;
				CLANG_WARN_DIRECT_OBJC_ISA_USAGE = YES_ERROR;
				CLANG_WARN_DOCUMENTATION_COMMENTS = YES;
				CLANG_WARN_EMPTY_BODY = YES;
				CLANG_WARN_ENUM_CONVERSION = YES;
				CLANG_WARN_INFINITE_RECURSION = YES;
				CLANG_WARN_INT_CONVERSION = YES;
				CLANG_WARN_NON_LITERAL_NULL_CONVERSION = YES;
				CLANG_WARN_OBJC_IMPLICIT_RETAIN_SELF = YES;
				CLANG_WARN_OBJC_LITERAL_CONVERSION = YES;
				CLANG_WARN_OBJC_ROOT_CLASS = YES_ERROR;
				CLANG_WARN_QUOTED_INCLUDE_IN_FRAMEWORK_HEADER = YES;
				CLANG_WARN_RANGE_LOOP_ANALYSIS = YES;
				CLANG_WARN_STRICT_PROTOTYPES = YES;
				CLANG_WARN_SUSPICIOUS_MOVE = YES;
				CLANG_WARN_UNGUARDED_AVAILABILITY = YES_AGGRESSIVE;
				CLANG_WARN_UNREACHABLE_CODE = YES;
				CLANG_WARN__DUPLICATE_METHOD_MATCH = YES;
				COPY_PHASE_STRIP = NO;
				DEBUG_INFORMATION_FORMAT = "dwarf-with-dsym";
				ENABLE_NS_ASSERTIONS = NO;
				ENABLE_STRICT_OBJC_MSGSEND = YES;
				GCC_C_LANGUAGE_STANDARD = gnu11;
				GCC_NO_COMMON_BLOCKS = YES;
				GCC_WARN_64_TO_32_BIT_CONVERSION = YES;
				GCC_WARN_ABOUT_RETURN_TYPE = YES_ERROR;
				GCC_WARN_UNDECLARED_SELECTOR = YES;
				GCC_WARN_UNINITIALIZED_AUTOS = YES_AGGRESSIVE;
				GCC_WARN_UNUSED_FUNCTION = YES;
				GCC_WARN_UNUSED_VARIABLE = YES;
				IPHONEOS_DEPLOYMENT_TARGET = 15.2;
				MTL_ENABLE_DEBUG_INFO = NO;
				MTL_FAST_MATH = YES;
				SDKROOT = iphoneos;
				SWIFT_COMPILATION_MODE = wholemodule;
				SWIFT_OPTIMIZATION_LEVEL = "-O";
				VALIDATE_PRODUCT = YES;
			};
			name = Release;
		};
		9D12B3B92797D2C8007BF1BC /* Debug */ = {
			isa = XCBuildConfiguration;
			baseConfigurationReference = E6C2F2196088D57F87E1FBBD /* Pods-SandID.debug.xcconfig */;
			buildSettings = {
				ASSETCATALOG_COMPILER_APPICON_NAME = AppIcon;
				ASSETCATALOG_COMPILER_GLOBAL_ACCENT_COLOR_NAME = AccentColor;
				CODE_SIGN_STYLE = Automatic;
				CURRENT_PROJECT_VERSION = 1;
				DEVELOPMENT_TEAM = 7NJU2U8KT2;
				GENERATE_INFOPLIST_FILE = YES;
				INFOPLIST_FILE = SandID/Info.plist;
				INFOPLIST_KEY_UIApplicationSupportsIndirectInputEvents = YES;
				INFOPLIST_KEY_UILaunchStoryboardName = LaunchScreen;
				INFOPLIST_KEY_UIMainStoryboardFile = Main;
				INFOPLIST_KEY_UISupportedInterfaceOrientations_iPad = "UIInterfaceOrientationPortrait UIInterfaceOrientationPortraitUpsideDown UIInterfaceOrientationLandscapeLeft UIInterfaceOrientationLandscapeRight";
				INFOPLIST_KEY_UISupportedInterfaceOrientations_iPhone = "UIInterfaceOrientationPortrait UIInterfaceOrientationLandscapeLeft UIInterfaceOrientationLandscapeRight";
				IPHONEOS_DEPLOYMENT_TARGET = 15.0;
				LD_RUNPATH_SEARCH_PATHS = (
					"$(inherited)",
					"@executable_path/Frameworks",
				);
				MARKETING_VERSION = 1.0;
				PRODUCT_BUNDLE_IDENTIFIER = utcs.SandID;
				PRODUCT_NAME = "$(TARGET_NAME)";
				SWIFT_EMIT_LOC_STRINGS = YES;
				SWIFT_VERSION = 5.0;
				TARGETED_DEVICE_FAMILY = "1,2";
			};
			name = Debug;
		};
		9D12B3BA2797D2C8007BF1BC /* Release */ = {
			isa = XCBuildConfiguration;
			baseConfigurationReference = D3FF5352A958033D32A93916 /* Pods-SandID.release.xcconfig */;
			buildSettings = {
				ASSETCATALOG_COMPILER_APPICON_NAME = AppIcon;
				ASSETCATALOG_COMPILER_GLOBAL_ACCENT_COLOR_NAME = AccentColor;
				CODE_SIGN_STYLE = Automatic;
				CURRENT_PROJECT_VERSION = 1;
				DEVELOPMENT_TEAM = 7NJU2U8KT2;
				GENERATE_INFOPLIST_FILE = YES;
				INFOPLIST_FILE = SandID/Info.plist;
				INFOPLIST_KEY_UIApplicationSupportsIndirectInputEvents = YES;
				INFOPLIST_KEY_UILaunchStoryboardName = LaunchScreen;
				INFOPLIST_KEY_UIMainStoryboardFile = Main;
				INFOPLIST_KEY_UISupportedInterfaceOrientations_iPad = "UIInterfaceOrientationPortrait UIInterfaceOrientationPortraitUpsideDown UIInterfaceOrientationLandscapeLeft UIInterfaceOrientationLandscapeRight";
				INFOPLIST_KEY_UISupportedInterfaceOrientations_iPhone = "UIInterfaceOrientationPortrait UIInterfaceOrientationLandscapeLeft UIInterfaceOrientationLandscapeRight";
				IPHONEOS_DEPLOYMENT_TARGET = 15.0;
				LD_RUNPATH_SEARCH_PATHS = (
					"$(inherited)",
					"@executable_path/Frameworks",
				);
				MARKETING_VERSION = 1.0;
				PRODUCT_BUNDLE_IDENTIFIER = utcs.SandID;
				PRODUCT_NAME = "$(TARGET_NAME)";
				SWIFT_EMIT_LOC_STRINGS = YES;
				SWIFT_VERSION = 5.0;
				TARGETED_DEVICE_FAMILY = "1,2";
			};
			name = Release;
		};
/* End XCBuildConfiguration section */

/* Begin XCConfigurationList section */
		9D12B39C2797D2C2007BF1BC /* Build configuration list for PBXProject "SandID" */ = {
			isa = XCConfigurationList;
			buildConfigurations = (
				9D12B3B62797D2C8007BF1BC /* Debug */,
				9D12B3B72797D2C8007BF1BC /* Release */,
			);
			defaultConfigurationIsVisible = 0;
			defaultConfigurationName = Release;
		};
		9D12B3B82797D2C8007BF1BC /* Build configuration list for PBXNativeTarget "SandID" */ = {
			isa = XCConfigurationList;
			buildConfigurations = (
				9D12B3B92797D2C8007BF1BC /* Debug */,
				9D12B3BA2797D2C8007BF1BC /* Release */,
			);
			defaultConfigurationIsVisible = 0;
			defaultConfigurationName = Release;
		};
/* End XCConfigurationList section */

/* Begin XCRemoteSwiftPackageReference section */
		9D42C03F28063EC800504141 /* XCRemoteSwiftPackageReference "firebase-ios-sdk" */ = {
			isa = XCRemoteSwiftPackageReference;
			repositoryURL = "https://github.com/firebase/firebase-ios-sdk";
			requirement = {
				kind = upToNextMajorVersion;
				minimumVersion = 8.0.0;
			};
		};
/* End XCRemoteSwiftPackageReference section */

/* Begin XCSwiftPackageProductDependency section */
		9D42C04028063EC800504141 /* FirebaseAnalytics */ = {
			isa = XCSwiftPackageProductDependency;
			package = 9D42C03F28063EC800504141 /* XCRemoteSwiftPackageReference "firebase-ios-sdk" */;
			productName = FirebaseAnalytics;
		};
		9D42C04228063EC800504141 /* FirebaseAppDistribution-Beta */ = {
			isa = XCSwiftPackageProductDependency;
			package = 9D42C03F28063EC800504141 /* XCRemoteSwiftPackageReference "firebase-ios-sdk" */;
			productName = "FirebaseAppDistribution-Beta";
		};
		9D42C04428063EC800504141 /* FirebaseDatabase */ = {
			isa = XCSwiftPackageProductDependency;
			package = 9D42C03F28063EC800504141 /* XCRemoteSwiftPackageReference "firebase-ios-sdk" */;
			productName = FirebaseDatabase;
		};
		9D42C04628063EC800504141 /* FirebaseFunctions */ = {
			isa = XCSwiftPackageProductDependency;
			package = 9D42C03F28063EC800504141 /* XCRemoteSwiftPackageReference "firebase-ios-sdk" */;
			productName = FirebaseFunctions;
		};
		9D42C04828063EC800504141 /* FirebaseFunctionsCombine-Community */ = {
			isa = XCSwiftPackageProductDependency;
			package = 9D42C03F28063EC800504141 /* XCRemoteSwiftPackageReference "firebase-ios-sdk" */;
			productName = "FirebaseFunctionsCombine-Community";
		};
		9D42C04A28063EC800504141 /* FirebaseFunctionsSwift-Beta */ = {
			isa = XCSwiftPackageProductDependency;
			package = 9D42C03F28063EC800504141 /* XCRemoteSwiftPackageReference "firebase-ios-sdk" */;
			productName = "FirebaseFunctionsSwift-Beta";
		};
		9D42C04C28063EC800504141 /* FirebaseStorage */ = {
			isa = XCSwiftPackageProductDependency;
			package = 9D42C03F28063EC800504141 /* XCRemoteSwiftPackageReference "firebase-ios-sdk" */;
			productName = FirebaseStorage;
		};
		9D42C04E28063EC800504141 /* FirebaseStorageCombine-Community */ = {
			isa = XCSwiftPackageProductDependency;
			package = 9D42C03F28063EC800504141 /* XCRemoteSwiftPackageReference "firebase-ios-sdk" */;
			productName = "FirebaseStorageCombine-Community";
		};
		9D42C05028063EC800504141 /* FirebaseStorageSwift-Beta */ = {
			isa = XCSwiftPackageProductDependency;
			package = 9D42C03F28063EC800504141 /* XCRemoteSwiftPackageReference "firebase-ios-sdk" */;
			productName = "FirebaseStorageSwift-Beta";
		};
/* End XCSwiftPackageProductDependency section */

/* Begin XCVersionGroup section */
		9D12B3AD2797D2C3007BF1BC /* SandID.xcdatamodeld */ = {
			isa = XCVersionGroup;
			children = (
				9D12B3AE2797D2C3007BF1BC /* SandID.xcdatamodel */,
			);
			currentVersion = 9D12B3AE2797D2C3007BF1BC /* SandID.xcdatamodel */;
			path = SandID.xcdatamodeld;
			sourceTree = "<group>";
			versionGroupType = wrapper.xcdatamodel;
		};
/* End XCVersionGroup section */
	};
	rootObject = 9D12B3992797D2C2007BF1BC /* Project object */;
}
